
Microsoft Visual Studio Solution File, Format Version 12.00
# Visual Studio Version 16
VisualStudioVersion = 16.0.31515.178
MinimumVisualStudioVersion = 10.0.40219.1
Project("{9A19103F-16F7-4668-BE54-9A1E7A4F7556}") = "ITITasks", "ITITasks.csproj", "{039FEEAF-74E7-4384-AC89-689B88C599B9}"
EndProject
Project("{FAE04EC0-301F-11D3-BF4B-00C04F79EFBC}") = "ITItask2", "..\ITItask2\ITItask2.csproj", "{67CBEA1F-A4F4-48CA-BA77-8674B727B847}"
EndProject
Global
	GlobalSection(SolutionConfigurationPlatforms) = preSolution
		Debug|Any CPU = Debug|Any CPU
		Release|Any CPU = Release|Any CPU
	EndGlobalSection
	GlobalSection(ProjectConfigurationPlatforms) = postSolution
		{039FEEAF-74E7-4384-AC89-689B88C599B9}.Debug|Any CPU.ActiveCfg = Debug|Any CPU
		{039FEEAF-74E7-4384-AC89-689B88C599B9}.Debug|Any CPU.Build.0 = Debug|Any CPU
		{039FEEAF-74E7-4384-AC89-689B88C599B9}.Release|Any CPU.ActiveCfg = Release|Any CPU
		{039FEEAF-74E7-4384-AC89-689B88C599B9}.Release|Any CPU.Build.0 = Release|Any CPU
		{67CBEA1F-A4F4-48CA-BA77-8674B727B847}.Debug|Any CPU.ActiveCfg = Debug|Any CPU
		{67CBEA1F-A4F4-48CA-BA77-8674B727B847}.Debug|Any CPU.Build.0 = Debug|Any CPU
		{67CBEA1F-A4F4-48CA-BA77-8674B727B847}.Release|Any CPU.ActiveCfg = Release|Any CPU
		{67CBEA1F-A4F4-48CA-BA77-8674B727B847}.Release|Any CPU.Build.0 = Release|Any CPU
	EndGlobalSection
	GlobalSection(SolutionProperties) = preSolution
		HideSolutionNode = FALSE
	EndGlobalSection
	GlobalSection(ExtensibilityGlobals) = postSolution
		SolutionGuid = {B3A901F4-25B0-4FFA-936F-0F5B120A6D5D}
	EndGlobalSection
EndGlobal
